
Microsoft Visual Studio Solution File, Format Version 12.00
# Visual Studio Version 16
VisualStudioVersion = 16.0.29709.97
MinimumVisualStudioVersion = 10.0.40219.1
Project("{FAE04EC0-301F-11D3-BF4B-00C04F79EFBC}") = "timeAttend", "timeAttend\timeAttend.csproj", "{D8D49BE0-898F-4AA8-ADCD-1E2F6BBA818D}"
EndProject
Global
	GlobalSection(SolutionConfigurationPlatforms) = preSolution
		Debug|Any CPU = Debug|Any CPU
		Release|Any CPU = Release|Any CPU
	EndGlobalSection
	GlobalSection(ProjectConfigurationPlatforms) = postSolution
		{D8D49BE0-898F-4AA8-ADCD-1E2F6BBA818D}.Debug|Any CPU.ActiveCfg = Debug|Any CPU
		{D8D49BE0-898F-4AA8-ADCD-1E2F6BBA818D}.Debug|Any CPU.Build.0 = Debug|Any CPU
		{D8D49BE0-898F-4AA8-ADCD-1E2F6BBA818D}.Release|Any CPU.ActiveCfg = Release|Any CPU
		{D8D49BE0-898F-4AA8-ADCD-1E2F6BBA818D}.Release|Any CPU.Build.0 = Release|Any CPU
	EndGlobalSection
	GlobalSection(SolutionProperties) = preSolution
		HideSolutionNode = FALSE
	EndGlobalSection
	GlobalSection(ExtensibilityGlobals) = postSolution
		SolutionGuid = {FCD73DFE-2C48-464E-9310-D8F2777073FA}
	EndGlobalSection
EndGlobal
